# THIS IS AN AUTOGENERATED FILE. DO NOT EDIT THIS FILE DIRECTLY.
# yarn lockfile v1


"@cloudflare/workers-types@^3.14.1":
  version "3.14.1"
  resolved "https://registry.yarnpkg.com/@cloudflare/workers-types/-/workers-types-3.14.1.tgz#8927ad8aa4e4cdd42d25793148337ed04f927021"
  integrity sha512-B1/plF62pt+H2IJHvApK8fdOJAVsvojvacuac8x8s+JIyqbropMyqNqHTKLm3YD8ZFLGwYeFTudU+PQ7vGvBdA==

"@esbuild/android-arm@0.15.10":
  version "0.15.10"
  resolved "https://registry.yarnpkg.com/@esbuild/android-arm/-/android-arm-0.15.10.tgz#a5f9432eb221afc243c321058ef25fe899886892"
  integrity sha512-FNONeQPy/ox+5NBkcSbYJxoXj9GWu8gVGJTVmUyoOCKQFDTrHVKgNSzChdNt0I8Aj/iKcsDf2r9BFwv+FSNUXg==

"@esbuild/linux-loong64@0.15.10":
  version "0.15.10"
  resolved "https://registry.yarnpkg.com/@esbuild/linux-loong64/-/linux-loong64-0.15.10.tgz#78a42897c2cf8db9fd5f1811f7590393b77774c7"
  integrity sha512-w0Ou3Z83LOYEkwaui2M8VwIp+nLi/NA60lBLMvaJ+vXVMcsARYdEzLNE7RSm4+lSg4zq4d7fAVuzk7PNQ5JFgg==

"@iarna/toml@^2.2.5":
  version "2.2.5"
  resolved "https://registry.yarnpkg.com/@iarna/toml/-/toml-2.2.5.tgz#b32366c89b43c6f8cefbdefac778b9c828e3ba8c"
  integrity sha512-trnsAYxU3xnS1gPHPyU961coFyLkh4gAD/0zQ5mymY4yOZ+CYvsPqUbOFSw0aDM4y0tV7tiFxL/1XfXPNC6IPg==

"@miniflare/cache@2.7.1":
  version "2.7.1"
  resolved "https://registry.yarnpkg.com/@miniflare/cache/-/cache-2.7.1.tgz#9aa13a475cdcbc0bb30396fd72101f80a6f0018d"
  integrity sha512-QxN4yp8+cIlggbjIVP17xbSOjjJMco4coW5mXNPcTXazvqnbslwie9GDWmt4BkRvP77uwomf2CDUqEgxZC0frw==
  dependencies:
    "@miniflare/core" "2.7.1"
    "@miniflare/shared" "2.7.1"
    http-cache-semantics "^4.1.0"
    undici "5.9.1"

"@miniflare/cli-parser@2.7.1":
  version "2.7.1"
  resolved "https://registry.yarnpkg.com/@miniflare/cli-parser/-/cli-parser-2.7.1.tgz#c1dc27b1077551a1eafd3f696b25e044224b2ad3"
  integrity sha512-kuY6sWClFBQoc22g7P7gR3fv5dXDI8ezvPvNX6tHXPLiPxiYCoz8XTRUqG5CW12zTxrI3yPjEaTQoFlHzdnQkg==
  dependencies:
    "@miniflare/shared" "2.7.1"
    kleur "^4.1.4"

"@miniflare/core@2.7.1":
  version "2.7.1"
  resolved "https://registry.yarnpkg.com/@miniflare/core/-/core-2.7.1.tgz#a0d8da2c76cb9689ae39db2bba2bce8c0c8a87d0"
  integrity sha512-Pdq5+FPSg0L0/eUOKrEfGFowcmbcEXKCIJa8iYz1iA35koSytgTN+6zeuuGPGVXQbGGEPhNugWlOz4u70FJ1GA==
  dependencies:
    "@iarna/toml" "^2.2.5"
    "@miniflare/shared" "2.7.1"
    "@miniflare/watcher" "2.7.1"
    busboy "^1.6.0"
    dotenv "^10.0.0"
    kleur "^4.1.4"
    set-cookie-parser "^2.4.8"
    undici "5.9.1"
    urlpattern-polyfill "^4.0.3"

"@miniflare/durable-objects@2.7.1":
  version "2.7.1"
  resolved "https://registry.yarnpkg.com/@miniflare/durable-objects/-/durable-objects-2.7.1.tgz#63249f1ee04580fde6bd2a4d5e3e4aec57d2ebfe"
  integrity sha512-bzTzhu9KgtBZ3itR/u/izBHBzQnxhfOt1IQcJNCM/TBwSf8wr6ztDdsTDFE0j9/oQYj4umbGynzZvYYUm/SniQ==
  dependencies:
    "@miniflare/core" "2.7.1"
    "@miniflare/shared" "2.7.1"
    "@miniflare/storage-memory" "2.7.1"
    undici "5.9.1"

"@miniflare/html-rewriter@2.7.1":
  version "2.7.1"
  resolved "https://registry.yarnpkg.com/@miniflare/html-rewriter/-/html-rewriter-2.7.1.tgz#37e2ec702e919d92df174af444f31c1358498758"
  integrity sha512-7088TlpQBXdKX1OPOL+34xKSF5IjiHyjggM7HizJG14IIw1kSiJYojqaOi5f/DxstTUJJCOIxHn3zKf6QSpukA==
  dependencies:
    "@miniflare/core" "2.7.1"
    "@miniflare/shared" "2.7.1"
    html-rewriter-wasm "^0.4.1"
    undici "5.9.1"

"@miniflare/http-server@2.7.1":
  version "2.7.1"
  resolved "https://registry.yarnpkg.com/@miniflare/http-server/-/http-server-2.7.1.tgz#f009f7152fd450f455fd4e2a09655e39868b707d"
  integrity sha512-fcLrEVxtwMhj3qO5Wg5844s6WNTiixRjGEV/Top2TjP3CM6DtIc5l6zca4vozaTba39So627NDalLZQaCAcSBQ==
  dependencies:
    "@miniflare/core" "2.7.1"
    "@miniflare/shared" "2.7.1"
    "@miniflare/web-sockets" "2.7.1"
    kleur "^4.1.4"
    selfsigned "^2.0.0"
    undici "5.9.1"
    ws "^8.2.2"
    youch "^2.2.2"

"@miniflare/kv@2.7.1":
  version "2.7.1"
  resolved "https://registry.yarnpkg.com/@miniflare/kv/-/kv-2.7.1.tgz#75081dd329c9796ee81021827cbe0d83b6d1ed82"
  integrity sha512-p3BUSgp2BK2l7GxM9wVnaXTM8/thzCzAITDbeyZLevtd8r3Vl1rE8W9Q+qrUbX454+zvHfG71O+BdtfFchgWkA==
  dependencies:
    "@miniflare/shared" "2.7.1"

"@miniflare/r2@2.7.1":
  version "2.7.1"
  resolved "https://registry.yarnpkg.com/@miniflare/r2/-/r2-2.7.1.tgz#43c3cb964703586af2242293ebff231fd96096ce"
  integrity sha512-UFqU2y4Qccto4PilHEn8JpTKi+lPZ61eV0G50Nnfnwa19yDKf0Wu6rYXecLTPetln10v6pCLvRvk4O93d99A6Q==
  dependencies:
    "@miniflare/shared" "2.7.1"
    undici "5.9.1"

"@miniflare/runner-vm@2.7.1":
  version "2.7.1"
  resolved "https://registry.yarnpkg.com/@miniflare/runner-vm/-/runner-vm-2.7.1.tgz#4fa3c0f756bebca7a9b4f5a69e7312525148710e"
  integrity sha512-kcntTSq38Jk81EQbEYs1wSrcziz/KO1JD1DyyDSw1C9pDSFmhusgObDW0VxaGgEVyh92No8l5CNlTjY7kjiMHw==
  dependencies:
    "@miniflare/shared" "2.7.1"

"@miniflare/scheduler@2.7.1":
  version "2.7.1"
  resolved "https://registry.yarnpkg.com/@miniflare/scheduler/-/scheduler-2.7.1.tgz#534e9a7408f5b42ddab82c943264ecb042c805af"
  integrity sha512-00DCtvSi0/Kamo1OLtvfG+zxAS9VqrFO8Q1Wg7yEJpJBUlnUn+oOXKT//aCpZuVBJLSf7tXxzRXJYNPpu09fwg==
  dependencies:
    "@miniflare/core" "2.7.1"
    "@miniflare/shared" "2.7.1"
    cron-schedule "^3.0.4"

"@miniflare/shared@2.7.1":
  version "2.7.1"
  resolved "https://registry.yarnpkg.com/@miniflare/shared/-/shared-2.7.1.tgz#767112bd56fbc81d6043fa8956ac03dd2b082602"
  integrity sha512-hQsx/mt5N/zBxJ3DyAJyGMtdT07WeuU+nYiWjkIwQOkPgH/p72Xu0tdi2kO/KQogtxeT2B+eTMVXlE0JqZOyhA==
  dependencies:
    kleur "^4.1.4"
    picomatch "^2.3.1"

"@miniflare/sites@2.7.1":
  version "2.7.1"
  resolved "https://registry.yarnpkg.com/@miniflare/sites/-/sites-2.7.1.tgz#cf963af6d524c95289cfad9fb901280fd459c008"
  integrity sha512-b5pgVx5qifb9YejBfWjh5lnphc7wTX41CvBxssmCdQCxvQ+C5LgNelccNUvIBIMC+N5Ids+Fbd+Hx8MNGjp3iw==
  dependencies:
    "@miniflare/kv" "2.7.1"
    "@miniflare/shared" "2.7.1"
    "@miniflare/storage-file" "2.7.1"

"@miniflare/storage-file@2.7.1":
  version "2.7.1"
  resolved "https://registry.yarnpkg.com/@miniflare/storage-file/-/storage-file-2.7.1.tgz#6e49ebd722d33baa40b838e6d98ff50a120d0715"
  integrity sha512-6WiLGCeE1jIDJ3pp2ff1vFWCH1uf9BNWRkF3FpK7LyINzdDUlV56RtchPTBgk61oE8NYjlTqoYd4+KUvBul3/w==
  dependencies:
    "@miniflare/shared" "2.7.1"
    "@miniflare/storage-memory" "2.7.1"

"@miniflare/storage-memory@2.7.1":
  version "2.7.1"
  resolved "https://registry.yarnpkg.com/@miniflare/storage-memory/-/storage-memory-2.7.1.tgz#e0e7d4e2e736905211d2f596cf4da18cd1328734"
  integrity sha512-/YD6PshGEQneLmPC/FO+TnhN2STXT4oTuPxVo81fZ+q/XKglTA8iULtcgmF025lZ8S871ZANfmBtUzlxZJmW8Q==
  dependencies:
    "@miniflare/shared" "2.7.1"

"@miniflare/watcher@2.7.1":
  version "2.7.1"
  resolved "https://registry.yarnpkg.com/@miniflare/watcher/-/watcher-2.7.1.tgz#f2f51fc240a49abb1560e0ea13e754b527491a5f"
  integrity sha512-0P0jG2IoMIQtX2JHTABY13Yq3Fs2w5gs6f/LG/X0O9pBCN3SxeQXt0bp3ELkEHjNANQWLMUs6aohb7yZ6ZTfHg==
  dependencies:
    "@miniflare/shared" "2.7.1"

"@miniflare/web-sockets@2.7.1":
  version "2.7.1"
  resolved "https://registry.yarnpkg.com/@miniflare/web-sockets/-/web-sockets-2.7.1.tgz#1f63af8bdba4f965169fb815e7095ab83d1a6fa7"
  integrity sha512-VO0BhkYDn82LTRhvK1vJA1/PA9GXMJGlkt2wYomdQFOz4Rmybau4sgVyAdKWTTYV7XexEVAVRl8BDUM97Pdxvw==
  dependencies:
    "@miniflare/core" "2.7.1"
    "@miniflare/shared" "2.7.1"
    undici "5.9.1"
    ws "^8.2.2"

"@types/stack-trace@0.0.29":
  version "0.0.29"
  resolved "https://registry.yarnpkg.com/@types/stack-trace/-/stack-trace-0.0.29.tgz#eb7a7c60098edb35630ed900742a5ecb20cfcb4d"
  integrity sha512-TgfOX+mGY/NyNxJLIbDWrO9DjGoVSW9+aB8H2yy1fy32jsvxijhmyJI9fDFgvz3YP4lvJaq9DzdR/M1bOgVc9g==

buffer-from@^1.0.0:
  version "1.1.2"
  resolved "https://registry.yarnpkg.com/buffer-from/-/buffer-from-1.1.2.tgz#2b146a6fd72e80b4f55d255f35ed59a3a9a41bd5"
  integrity sha512-E+XQCRwSbaaiChtv6k6Dwgc+bx+Bs6vuKJHHl5kox/BaKbhiXzqQOwK4cO22yElGp2OCmjwVhT3HmxgyPGnJfQ==

busboy@^1.6.0:
  version "1.6.0"
  resolved "https://registry.yarnpkg.com/busboy/-/busboy-1.6.0.tgz#966ea36a9502e43cdb9146962523b92f531f6893"
  integrity sha512-8SFQbg/0hQ9xy3UNTB0YEnsNBbWfhf7RtnzpL7TkBiTBRfrQ9Fxcnz7VJsleJpyp6rVLvXiuORqjlHi5q+PYuA==
  dependencies:
    streamsearch "^1.1.0"

cookie@^0.4.1:
  version "0.4.2"
  resolved "https://registry.yarnpkg.com/cookie/-/cookie-0.4.2.tgz#0e41f24de5ecf317947c82fc789e06a884824432"
  integrity sha512-aSWTXFzaKWkvHO1Ny/s+ePFpvKsPnjc551iI41v3ny/ow6tBG5Vd+FuqGNhh1LxOmVzOlGUriIlOaokOvhaStA==

cron-schedule@^3.0.4:
  version "3.0.6"
  resolved "https://registry.yarnpkg.com/cron-schedule/-/cron-schedule-3.0.6.tgz#7d0a3ad9154112fc3720fe43238a43d50e8465e7"
  integrity sha512-izfGgKyzzIyLaeb1EtZ3KbglkS6AKp9cv7LxmiyoOu+fXfol1tQDC0Cof0enVZGNtudTHW+3lfuW9ZkLQss4Wg==

discord-api-types@^0.27.0:
  version "0.27.3"
  resolved "https://registry.yarnpkg.com/discord-api-types/-/discord-api-types-0.27.3.tgz#518e99a548b62a7912a09e94ad90d0612e2053c6"
  integrity sha512-HOG64DTpZ7CB5EU9eKbjHD50H5qG1pxKG8pmFfHUMKjKvEWeLBHfw0c9xF1cruiYLnBb3+n7m3jBWxZ3H1hcgQ==

discord-api-types@^0.37.0:
  version "0.37.5"
  resolved "https://registry.yarnpkg.com/discord-api-types/-/discord-api-types-0.37.5.tgz#e67d41d942913f0165fd1c075ac8c83428c48c67"
  integrity sha512-RhzoX02jw2M+n/AU5K74KTM4J8Sn3ZImUJvoA4lh+SDcrqi1ddSjrafciF4bECj4rPc2vHwoyyTNgbUwE8vbpA==

dotenv@^10.0.0:
  version "10.0.0"
  resolved "https://registry.yarnpkg.com/dotenv/-/dotenv-10.0.0.tgz#3d4227b8fb95f81096cdd2b66653fb2c7085ba81"
  integrity sha512-rlBi9d8jpv9Sf1klPjNfFAuWDjKLwTIJJ/VxtoTwIR6hnZxcEOQCZg2oIL3MWBYw5GpUDKOEnND7LXTbIpQ03Q==

esbuild-android-64@0.15.10:
  version "0.15.10"
  resolved "https://registry.yarnpkg.com/esbuild-android-64/-/esbuild-android-64-0.15.10.tgz#8a59a84acbf2eca96996cadc35642cf055c494f0"
  integrity sha512-UI7krF8OYO1N7JYTgLT9ML5j4+45ra3amLZKx7LO3lmLt1Ibn8t3aZbX5Pu4BjWiqDuJ3m/hsvhPhK/5Y/YpnA==

esbuild-android-arm64@0.15.10:
  version "0.15.10"
  resolved "https://registry.yarnpkg.com/esbuild-android-arm64/-/esbuild-android-arm64-0.15.10.tgz#f453851dc1d8c5409a38cf7613a33852faf4915d"
  integrity sha512-EOt55D6xBk5O05AK8brXUbZmoFj4chM8u3riGflLa6ziEoVvNjRdD7Cnp82NHQGfSHgYR06XsPI8/sMuA/cUwg==

esbuild-darwin-64@0.15.10:
  version "0.15.10"
  resolved "https://registry.yarnpkg.com/esbuild-darwin-64/-/esbuild-darwin-64-0.15.10.tgz#778bd29c8186ff47b176c8af58c08cf0fb8e6b86"
  integrity sha512-hbDJugTicqIm+WKZgp208d7FcXcaK8j2c0l+fqSJ3d2AzQAfjEYDRM3Z2oMeqSJ9uFxyj/muSACLdix7oTstRA==

esbuild-darwin-arm64@0.15.10:
  version "0.15.10"
  resolved "https://registry.yarnpkg.com/esbuild-darwin-arm64/-/esbuild-darwin-arm64-0.15.10.tgz#b30bbefb46dc3c5d4708b0435e52f6456578d6df"
  integrity sha512-M1t5+Kj4IgSbYmunf2BB6EKLkWUq+XlqaFRiGOk8bmBapu9bCDrxjf4kUnWn59Dka3I27EiuHBKd1rSO4osLFQ==

esbuild-freebsd-64@0.15.10:
  version "0.15.10"
  resolved "https://registry.yarnpkg.com/esbuild-freebsd-64/-/esbuild-freebsd-64-0.15.10.tgz#ab301c5f6ded5110dbdd611140bef1a7c2e99236"
  integrity sha512-KMBFMa7C8oc97nqDdoZwtDBX7gfpolkk6Bcmj6YFMrtCMVgoU/x2DI1p74DmYl7CSS6Ppa3xgemrLrr5IjIn0w==

esbuild-freebsd-arm64@0.15.10:
  version "0.15.10"
  resolved "https://registry.yarnpkg.com/esbuild-freebsd-arm64/-/esbuild-freebsd-arm64-0.15.10.tgz#a5b09b867a6ff49110f52343b6f12265db63d43f"
  integrity sha512-m2KNbuCX13yQqLlbSojFMHpewbn8wW5uDS6DxRpmaZKzyq8Dbsku6hHvh2U+BcLwWY4mpgXzFUoENEf7IcioGg==

esbuild-linux-32@0.15.10:
  version "0.15.10"
  resolved "https://registry.yarnpkg.com/esbuild-linux-32/-/esbuild-linux-32-0.15.10.tgz#5282fe9915641caf9c8070e4ba2c3e16d358f837"
  integrity sha512-guXrwSYFAvNkuQ39FNeV4sNkNms1bLlA5vF1H0cazZBOLdLFIny6BhT+TUbK/hdByMQhtWQ5jI9VAmPKbVPu1w==

esbuild-linux-64@0.15.10:
  version "0.15.10"
  resolved "https://registry.yarnpkg.com/esbuild-linux-64/-/esbuild-linux-64-0.15.10.tgz#f3726e85a00149580cb19f8abfabcbb96f5d52bb"
  integrity sha512-jd8XfaSJeucMpD63YNMO1JCrdJhckHWcMv6O233bL4l6ogQKQOxBYSRP/XLWP+6kVTu0obXovuckJDcA0DKtQA==

esbuild-linux-arm64@0.15.10:
  version "0.15.10"
  resolved "https://registry.yarnpkg.com/esbuild-linux-arm64/-/esbuild-linux-arm64-0.15.10.tgz#2f0056e9d5286edb0185b56655caa8c574d8dbe7"
  integrity sha512-GByBi4fgkvZFTHFDYNftu1DQ1GzR23jws0oWyCfhnI7eMOe+wgwWrc78dbNk709Ivdr/evefm2PJiUBMiusS1A==

esbuild-linux-arm@0.15.10:
  version "0.15.10"
  resolved "https://registry.yarnpkg.com/esbuild-linux-arm/-/esbuild-linux-arm-0.15.10.tgz#40a9270da3c8ffa32cf72e24a79883e323dff08d"
  integrity sha512-6N8vThLL/Lysy9y4Ex8XoLQAlbZKUyExCWyayGi2KgTBelKpPgj6RZnUaKri0dHNPGgReJriKVU6+KDGQwn10A==

esbuild-linux-mips64le@0.15.10:
  version "0.15.10"
  resolved "https://registry.yarnpkg.com/esbuild-linux-mips64le/-/esbuild-linux-mips64le-0.15.10.tgz#90ce1c4ee0202edb4ac69807dea77f7e5804abc4"
  integrity sha512-BxP+LbaGVGIdQNJUNF7qpYjEGWb0YyHVSKqYKrn+pTwH/SiHUxFyJYSP3pqkku61olQiSBnSmWZ+YUpj78Tw7Q==

esbuild-linux-ppc64le@0.15.10:
  version "0.15.10"
  resolved "https://registry.yarnpkg.com/esbuild-linux-ppc64le/-/esbuild-linux-ppc64le-0.15.10.tgz#782837ae7bd5b279178106c9dd801755a21fabdf"
  integrity sha512-LoSQCd6498PmninNgqd/BR7z3Bsk/mabImBWuQ4wQgmQEeanzWd5BQU2aNi9mBURCLgyheuZS6Xhrw5luw3OkQ==

esbuild-linux-riscv64@0.15.10:
  version "0.15.10"
  resolved "https://registry.yarnpkg.com/esbuild-linux-riscv64/-/esbuild-linux-riscv64-0.15.10.tgz#d7420d806ece5174f24f4634303146f915ab4207"
  integrity sha512-Lrl9Cr2YROvPV4wmZ1/g48httE8z/5SCiXIyebiB5N8VT7pX3t6meI7TQVHw/wQpqP/AF4SksDuFImPTM7Z32Q==

esbuild-linux-s390x@0.15.10:
  version "0.15.10"
  resolved "https://registry.yarnpkg.com/esbuild-linux-s390x/-/esbuild-linux-s390x-0.15.10.tgz#21fdf0cb3494a7fb520a71934e4dffce67fe47be"
  integrity sha512-ReP+6q3eLVVP2lpRrvl5EodKX7EZ1bS1/z5j6hsluAlZP5aHhk6ghT6Cq3IANvvDdscMMCB4QEbI+AjtvoOFpA==

esbuild-netbsd-64@0.15.10:
  version "0.15.10"
  resolved "https://registry.yarnpkg.com/esbuild-netbsd-64/-/esbuild-netbsd-64-0.15.10.tgz#6c06b3107e3df53de381e6299184d4597db0440f"
  integrity sha512-iGDYtJCMCqldMskQ4eIV+QSS/CuT7xyy9i2/FjpKvxAuCzrESZXiA1L64YNj6/afuzfBe9i8m/uDkFHy257hTw==

esbuild-openbsd-64@0.15.10:
  version "0.15.10"
  resolved "https://registry.yarnpkg.com/esbuild-openbsd-64/-/esbuild-openbsd-64-0.15.10.tgz#4daef5f5d8e74bbda53b65160029445d582570cf"
  integrity sha512-ftMMIwHWrnrYnvuJQRJs/Smlcb28F9ICGde/P3FUTCgDDM0N7WA0o9uOR38f5Xe2/OhNCgkjNeb7QeaE3cyWkQ==

esbuild-sunos-64@0.15.10:
  version "0.15.10"
  resolved "https://registry.yarnpkg.com/esbuild-sunos-64/-/esbuild-sunos-64-0.15.10.tgz#5fe7bef267a02f322fd249a8214d0274937388a7"
  integrity sha512-mf7hBL9Uo2gcy2r3rUFMjVpTaGpFJJE5QTDDqUFf1632FxteYANffDZmKbqX0PfeQ2XjUDE604IcE7OJeoHiyg==

esbuild-windows-32@0.15.10:
  version "0.15.10"
  resolved "https://registry.yarnpkg.com/esbuild-windows-32/-/esbuild-windows-32-0.15.10.tgz#48e3dde25ab0135579a288b30ab6ddef6d1f0b28"
  integrity sha512-ttFVo+Cg8b5+qHmZHbEc8Vl17kCleHhLzgT8X04y8zudEApo0PxPg9Mz8Z2cKH1bCYlve1XL8LkyXGFjtUYeGg==

esbuild-windows-64@0.15.10:
  version "0.15.10"
  resolved "https://registry.yarnpkg.com/esbuild-windows-64/-/esbuild-windows-64-0.15.10.tgz#387a9515bef3fee502d277a5d0a2db49a4ecda05"
  integrity sha512-2H0gdsyHi5x+8lbng3hLbxDWR7mKHWh5BXZGKVG830KUmXOOWFE2YKJ4tHRkejRduOGDrBvHBriYsGtmTv3ntA==

esbuild-windows-arm64@0.15.10:
  version "0.15.10"
  resolved "https://registry.yarnpkg.com/esbuild-windows-arm64/-/esbuild-windows-arm64-0.15.10.tgz#5a6fcf2fa49e895949bf5495cf088ab1b43ae879"
  integrity sha512-S+th4F+F8VLsHLR0zrUcG+Et4hx0RKgK1eyHc08kztmLOES8BWwMiaGdoW9hiXuzznXQ0I/Fg904MNbr11Nktw==

esbuild@^0.15.10:
  version "0.15.10"
  resolved "https://registry.yarnpkg.com/esbuild/-/esbuild-0.15.10.tgz#85c2f8446e9b1fe04fae68daceacba033eedbd42"
  integrity sha512-N7wBhfJ/E5fzn/SpNgX+oW2RLRjwaL8Y0ezqNqhjD6w0H2p0rDuEz2FKZqpqLnO8DCaWumKe8dsC/ljvVSSxng==
  optionalDependencies:
    "@esbuild/android-arm" "0.15.10"
    "@esbuild/linux-loong64" "0.15.10"
    esbuild-android-64 "0.15.10"
    esbuild-android-arm64 "0.15.10"
    esbuild-darwin-64 "0.15.10"
    esbuild-darwin-arm64 "0.15.10"
    esbuild-freebsd-64 "0.15.10"
    esbuild-freebsd-arm64 "0.15.10"
    esbuild-linux-32 "0.15.10"
    esbuild-linux-64 "0.15.10"
    esbuild-linux-arm "0.15.10"
    esbuild-linux-arm64 "0.15.10"
    esbuild-linux-mips64le "0.15.10"
    esbuild-linux-ppc64le "0.15.10"
    esbuild-linux-riscv64 "0.15.10"
    esbuild-linux-s390x "0.15.10"
    esbuild-netbsd-64 "0.15.10"
    esbuild-openbsd-64 "0.15.10"
    esbuild-sunos-64 "0.15.10"
    esbuild-windows-32 "0.15.10"
    esbuild-windows-64 "0.15.10"
    esbuild-windows-arm64 "0.15.10"

html-rewriter-wasm@^0.4.1:
  version "0.4.1"
  resolved "https://registry.yarnpkg.com/html-rewriter-wasm/-/html-rewriter-wasm-0.4.1.tgz#235e3d96c1aa4bfd2182661ee13881e290ff5ff2"
  integrity sha512-lNovG8CMCCmcVB1Q7xggMSf7tqPCijZXaH4gL6iE8BFghdQCbaY5Met9i1x2Ex8m/cZHDUtXK9H6/znKamRP8Q==

http-cache-semantics@^4.1.0:
  version "4.1.0"
  resolved "https://registry.yarnpkg.com/http-cache-semantics/-/http-cache-semantics-4.1.0.tgz#49e91c5cbf36c9b94bcfcd71c23d5249ec74e390"
  integrity sha512-carPklcUh7ROWRK7Cv27RPtdhYhUsela/ue5/jKzjegVvXDqM2ILE9Q2BGn9JZJh1g87cp56su/FgQSzcWS8cQ==

kleur@^4.1.4:
  version "4.1.5"
  resolved "https://registry.yarnpkg.com/kleur/-/kleur-4.1.5.tgz#95106101795f7050c6c650f350c683febddb1780"
  integrity sha512-o+NO+8WrRiQEE4/7nwRJhN1HWpVmJm511pBHUxPLtp0BUISzlBplORYSmTclCnJvQq2tKu/sgl3xVpkc7ZWuQQ==

miniflare@^2.6.0:
  version "2.7.1"
  resolved "https://registry.yarnpkg.com/miniflare/-/miniflare-2.7.1.tgz#4c35ef1015bc4260587a5ba0bd15b8f05bdcff7b"
  integrity sha512-O9kjSORazNCAGVkS0bRHhKGH1LcFOJZyBD0TchB02TalnQ3W21+QWO5PAXDGz/IATO8C8iXrPnN2XKDdDav2CA==
  dependencies:
    "@miniflare/cache" "2.7.1"
    "@miniflare/cli-parser" "2.7.1"
    "@miniflare/core" "2.7.1"
    "@miniflare/durable-objects" "2.7.1"
    "@miniflare/html-rewriter" "2.7.1"
    "@miniflare/http-server" "2.7.1"
    "@miniflare/kv" "2.7.1"
    "@miniflare/r2" "2.7.1"
    "@miniflare/runner-vm" "2.7.1"
    "@miniflare/scheduler" "2.7.1"
    "@miniflare/shared" "2.7.1"
    "@miniflare/sites" "2.7.1"
    "@miniflare/storage-file" "2.7.1"
    "@miniflare/storage-memory" "2.7.1"
    "@miniflare/web-sockets" "2.7.1"
    kleur "^4.1.4"
    semiver "^1.1.0"
    source-map-support "^0.5.20"
    undici "5.9.1"

mustache@^4.2.0:
  version "4.2.0"
  resolved "https://registry.yarnpkg.com/mustache/-/mustache-4.2.0.tgz#e5892324d60a12ec9c2a73359edca52972bf6f64"
  integrity sha512-71ippSywq5Yb7/tVYyGbkBggbU8H3u5Rz56fH60jGFgr8uHwxs+aSKeqmluIVzM0m0kB7xQjKS6qPfd0b2ZoqQ==

node-forge@^1:
  version "1.3.1"
  resolved "https://registry.yarnpkg.com/node-forge/-/node-forge-1.3.1.tgz#be8da2af243b2417d5f646a770663a92b7e9ded3"
  integrity sha512-dPEtOeMvF9VMcYV/1Wb8CPoVAXtp6MKMlcbAt4ddqmGqUJ6fQZFXkNZNkNlfevtNkGtaSoXf/vNNNSvgrdXwtA==

picomatch@^2.3.1:
  version "2.3.1"
  resolved "https://registry.yarnpkg.com/picomatch/-/picomatch-2.3.1.tgz#3ba3833733646d9d3e4995946c1365a67fb07a42"
  integrity sha512-JU3teHTNjmE2VCGFzuY8EXzCDVwEqB2a8fsIvwaStHhAWJEeVd1o1QD80CU6+ZdEXXSLbSsuLwJjkCBWqRQUVA==

prettier@2.7.1:
  version "2.7.1"
  resolved "https://registry.yarnpkg.com/prettier/-/prettier-2.7.1.tgz#e235806850d057f97bb08368a4f7d899f7760c64"
  integrity sha512-ujppO+MkdPqoVINuDFDRLClm7D78qbDt0/NR+wp5FqEZOoTNAjPHWj17QRhu7geIHJfcNhRk1XVQmF8Bp3ye+g==

selfsigned@^2.0.0:
  version "2.0.1"
  resolved "https://registry.yarnpkg.com/selfsigned/-/selfsigned-2.0.1.tgz#8b2df7fa56bf014d19b6007655fff209c0ef0a56"
  integrity sha512-LmME957M1zOsUhG+67rAjKfiWFox3SBxE/yymatMZsAx+oMrJ0YQ8AToOnyCm7xbeg2ep37IHLxdu0o2MavQOQ==
  dependencies:
    node-forge "^1"

semiver@^1.1.0:
  version "1.1.0"
  resolved "https://registry.yarnpkg.com/semiver/-/semiver-1.1.0.tgz#9c97fb02c21c7ce4fcf1b73e2c7a24324bdddd5f"
  integrity sha512-QNI2ChmuioGC1/xjyYwyZYADILWyW6AmS1UH6gDj/SFUUUS4MBAWs/7mxnkRPc/F4iHezDP+O8t0dO8WHiEOdg==

set-cookie-parser@^2.4.8:
  version "2.5.1"
  resolved "https://registry.yarnpkg.com/set-cookie-parser/-/set-cookie-parser-2.5.1.tgz#ddd3e9a566b0e8e0862aca974a6ac0e01349430b"
  integrity sha512-1jeBGaKNGdEq4FgIrORu/N570dwoPYio8lSoYLWmX7sQ//0JY08Xh9o5pBcgmHQ/MbsYp/aZnOe1s1lIsbLprQ==

slshx@^0.3.0:
  version "0.3.0"
  resolved "https://registry.yarnpkg.com/slshx/-/slshx-0.3.0.tgz#9f312f66ec47cf18cf52106666362a885990d387"
  integrity sha512-GSPdI/tQmDvoHgJpn3GlFJgUEleTJo5gen54oEfmVu1o/+DaWw3N8MkrH+z7fAZT9p+xi8mby8XZhJ11e8Oquw==
  dependencies:
    discord-api-types "^0.27.0"

source-map-support@^0.5.20:
  version "0.5.21"
  resolved "https://registry.yarnpkg.com/source-map-support/-/source-map-support-0.5.21.tgz#04fe7c7f9e1ed2d662233c28cb2b35b9f63f6e4f"
  integrity sha512-uBHU3L3czsIyYXKX88fdrGovxdSCoTGDRZ6SYXtSRxLZUzHg5P/66Ht6uoUlHu9EZod+inXhKo3qQgwXUT/y1w==
  dependencies:
    buffer-from "^1.0.0"
    source-map "^0.6.0"

source-map@^0.6.0:
  version "0.6.1"
  resolved "https://registry.yarnpkg.com/source-map/-/source-map-0.6.1.tgz#74722af32e9614e9c287a8d0bbde48b5e2f1a263"
  integrity sha512-UjgapumWlbMhkBgzT7Ykc5YXUT46F0iKu8SGXq0bcwP5dz/h0Plj6enJqjz1Zbq2l5WaqYnrVbwWOWMyF3F47g==

stack-trace@0.0.10:
  version "0.0.10"
  resolved "https://registry.yarnpkg.com/stack-trace/-/stack-trace-0.0.10.tgz#547c70b347e8d32b4e108ea1a2a159e5fdde19c0"
  integrity sha512-KGzahc7puUKkzyMt+IqAep+TVNbKP+k2Lmwhub39m1AsTSkaDutx56aDCo+HLDzf/D26BIHTJWNiTG1KAJiQCg==

streamsearch@^1.1.0:
  version "1.1.0"
  resolved "https://registry.yarnpkg.com/streamsearch/-/streamsearch-1.1.0.tgz#404dd1e2247ca94af554e841a8ef0eaa238da764"
  integrity sha512-Mcc5wHehp9aXz1ax6bZUyY5afg9u2rv5cqQI3mRrYkGC8rW2hM02jWuwjtL++LS5qinSyhj2QfLyNsuc+VsExg==

undici@5.9.1:
  version "5.9.1"
  resolved "https://registry.yarnpkg.com/undici/-/undici-5.9.1.tgz#fc9fd85dd488f965f153314a63d9426a11f3360b"
  integrity sha512-6fB3a+SNnWEm4CJbgo0/CWR8RGcOCQP68SF4X0mxtYTq2VNN8T88NYrWVBAeSX+zb7bny2dx2iYhP3XHi00omg==

urlpattern-polyfill@^4.0.3:
  version "4.0.3"
  resolved "https://registry.yarnpkg.com/urlpattern-polyfill/-/urlpattern-polyfill-4.0.3.tgz#c1fa7a73eb4e6c6a1ffb41b24cf31974f7392d3b"
  integrity sha512-DOE84vZT2fEcl9gqCUTcnAw5ZY5Id55ikUcziSUntuEFL3pRvavg5kwDmTEUJkeCHInTlV/HexFomgYnzO5kdQ==

ws@^8.2.2:
  version "8.8.1"
  resolved "https://registry.yarnpkg.com/ws/-/ws-8.8.1.tgz#5dbad0feb7ade8ecc99b830c1d77c913d4955ff0"
  integrity sha512-bGy2JzvzkPowEJV++hF07hAD6niYSr0JzBNo/J29WsB57A2r7Wlc1UFcTR9IzrPvuNVO4B8LGqF8qcpsVOhJCA==

youch@^2.2.2:
  version "2.2.2"
  resolved "https://registry.yarnpkg.com/youch/-/youch-2.2.2.tgz#cb87a359a5c524ebd35eb07ca3a1521dbc7e1a3e"
  integrity sha512-/FaCeG3GkuJwaMR34GHVg0l8jCbafZLHiFowSjqLlqhC6OMyf2tPJBu8UirF7/NI9X/R5ai4QfEKUCOxMAGxZQ==
  dependencies:
    "@types/stack-trace" "0.0.29"
    cookie "^0.4.1"
    mustache "^4.2.0"
    stack-trace "0.0.10"
